<?xml version="1.0" encoding="utf-8"?>
<Project ToolsVersion="4.0" xmlns="http://schemas.microsoft.com/developer/msbuild/2003">
  <ItemGroup>
    <Filter Include="Source Files">
      <UniqueIdentifier>{4FC737F1-C7A5-4376-A066-2A32D752A2FF}</UniqueIdentifier>
      <Extensions>cpp;c;cc;cxx;def;odl;idl;hpj;bat;asm;asmx</Extensions>
    </Filter>
    <Filter Include="Header Files">
      <UniqueIdentifier>{93995380-89BD-4b04-88EB-625FBE52EBFB}</UniqueIdentifier>
      <Extensions>h;hpp;hxx;hm;inl;inc;xsd</Extensions>
    </Filter>
    <Filter Include="Resource Files">
      <UniqueIdentifier>{67DA6AB6-F800-4c08-8B7A-83BB121AAD01}</UniqueIdentifier>
      <Extensions>rc;ico;cur;bmp;dlg;rc2;rct;bin;rgs;gif;jpg;jpeg;jpe;resx;tiff;tif;png;wav;mfcribbon-ms</Extensions>
    </Filter>
    <Filter Include="Source Files\module">
      <UniqueIdentifier>{6f949622-ce1c-4126-a3ee-cd3eb7fdf643}</UniqueIdentifier>
    </Filter>
    <Filter Include="Source Files\netstack">
      <UniqueIdentifier>{420c1a1a-ef2f-4091-ae0c-0853f45f30b6}</UniqueIdentifier>
    </Filter>
    <Filter Include="Source Files\detect">
      <UniqueIdentifier>{362e8f51-46f1-465e-b622-28a68aa2fcc6}</UniqueIdentifier>
    </Filter>
  </ItemGroup>
  <ItemGroup>
    <ClCompile Include="..\src\main.c">
      <Filter>Source Files</Filter>
    </ClCompile>
    <ClCompile Include="..\src\module\crypto-fnv1a.c">
      <Filter>Source Files\module</Filter>
    </ClCompile>
    <ClCompile Include="..\src\module\hexval.c">
      <Filter>Source Files\module</Filter>
    </ClCompile>
    <ClCompile Include="..\src\module\manuf.c">
      <Filter>Source Files\module</Filter>
    </ClCompile>
    <ClCompile Include="..\src\module\mystring.c">
      <Filter>Source Files\module</Filter>
    </ClCompile>
    <ClCompile Include="..\src\module\pcapfile.c">
      <Filter>Source Files\module</Filter>
    </ClCompile>
    <ClCompile Include="..\src\module\pcaplive.c">
      <Filter>Source Files\module</Filter>
    </ClCompile>
    <ClCompile Include="..\src\module\pixie.c">
      <Filter>Source Files\module</Filter>
    </ClCompile>
    <ClCompile Include="..\src\module\sprintf_s.c">
      <Filter>Source Files\module</Filter>
    </ClCompile>
    <ClCompile Include="..\src\netstack\stackwifi.c">
      <Filter>Source Files\netstack</Filter>
    </ClCompile>
    <ClCompile Include="..\src\detect\detect.c">
      <Filter>Source Files\detect</Filter>
    </ClCompile>
  </ItemGroup>
  <ItemGroup>
    <ClInclude Include="..\src\module\crypto-fnv1a.h">
      <Filter>Source Files\module</Filter>
    </ClInclude>
    <ClInclude Include="..\src\module\formats.h">
      <Filter>Source Files\module</Filter>
    </ClInclude>
    <ClInclude Include="..\src\module\hexval.h">
      <Filter>Source Files\module</Filter>
    </ClInclude>
    <ClInclude Include="..\src\module\manuf.h">
      <Filter>Source Files\module</Filter>
    </ClInclude>
    <ClInclude Include="..\src\module\mystring.h">
      <Filter>Source Files\module</Filter>
    </ClInclude>
    <ClInclude Include="..\src\module\netframe.h">
      <Filter>Source Files\module</Filter>
    </ClInclude>
    <ClInclude Include="..\src\module\pcapfile.h">
      <Filter>Source Files\module</Filter>
    </ClInclude>
    <ClInclude Include="..\src\module\pcaplive.h">
      <Filter>Source Files\module</Filter>
    </ClInclude>
    <ClInclude Include="..\src\module\pixie.h">
      <Filter>Source Files\module</Filter>
    </ClInclude>
    <ClInclude Include="..\src\module\platform.h">
      <Filter>Source Files\module</Filter>
    </ClInclude>
    <ClInclude Include="..\src\module\sprintf_s.h">
      <Filter>Source Files\module</Filter>
    </ClInclude>
    <ClInclude Include="..\src\detect\detect.h">
      <Filter>Source Files\detect</Filter>
    </ClInclude>
  </ItemGroup>
  <ItemGroup>
    <None Include="..\README.md">
      <Filter>Source Files</Filter>
    </None>
  </ItemGroup>
</Project>