
Microsoft Visual Studio Solution File, Format Version 11.00
# Visual Studio 2010
Project("{8BC9CEB8-8B4A-11D0-8D11-00A0C91BC942}") = "krackips", "krackips.vcxproj", "{F5BBC4B5-26D8-4C8D-A0CF-9A487B532564}"
EndProject
Global
	GlobalSection(SolutionConfigurationPlatforms) = preSolution
		Debug|Win32 = Debug|Win32
		Release|Win32 = Release|Win32
	EndGlobalSection
	GlobalSection(ProjectConfigurationPlatforms) = postSolution
		{F5BBC4B5-26D8-4C8D-A0CF-9A487B532564}.Debug|Win32.ActiveCfg = Debug|Win32
		{F5BBC4B5-26D8-4C8D-A0CF-9A487B532564}.Debug|Win32.Build.0 = Debug|Win32
		{F5BBC4B5-26D8-4C8D-A0CF-9A487B532564}.Release|Win32.ActiveCfg = Release|Win32
		{F5BBC4B5-26D8-4C8D-A0CF-9A487B532564}.Release|Win32.Build.0 = Release|Win32
	EndGlobalSection
	GlobalSection(SolutionProperties) = preSolution
		HideSolutionNode = FALSE
	EndGlobalSection
EndGlobal
